// !$*UTF8*$!
{
	archiveVersion = 1;
	classes = {
	};
	objectVersion = 51;
	objects = {

/* Begin PBXBuildFile section */
		3A57D5D700C3EF1E079F89E7 /* Pods_ALTextField_ALTextFieldTests.framework in Frameworks */ = {isa = PBXBuildFile; fileRef = BC69EC8B2EC1FD1969380E2F /* Pods_ALTextField_ALTextFieldTests.framework */; };
		69E619E60FAA4F53CD713A12 /* Pods_ALTextField.framework in Frameworks */ = {isa = PBXBuildFile; fileRef = B06BA8114E13220CAE7E4AEC /* Pods_ALTextField.framework */; };
		A8D9A8AD241A3799000815AD /* ALTextField.framework in Frameworks */ = {isa = PBXBuildFile; fileRef = A8D9A8A3241A3799000815AD /* ALTextField.framework */; };
		A8D9A8B2241A3799000815AD /* ALTextFieldTests.swift in Sources */ = {isa = PBXBuildFile; fileRef = A8D9A8B1241A3799000815AD /* ALTextFieldTests.swift */; };
		A8D9A8B4241A3799000815AD /* ALTextField.h in Headers */ = {isa = PBXBuildFile; fileRef = A8D9A8A6241A3799000815AD /* ALTextField.h */; settings = {ATTRIBUTES = (Public, ); }; };
		A8D9A8BE241A3802000815AD /* ALTextField.swift in Sources */ = {isa = PBXBuildFile; fileRef = A8D9A8BD241A3802000815AD /* ALTextField.swift */; };
		A8D9A8C0241A5E81000815AD /* AlValidationRuleType.swift in Sources */ = {isa = PBXBuildFile; fileRef = A8D9A8BF241A5E81000815AD /* AlValidationRuleType.swift */; };
/* End PBXBuildFile section */

/* Begin PBXContainerItemProxy section */
		A8D9A8AE241A3799000815AD /* PBXContainerItemProxy */ = {
			isa = PBXContainerItemProxy;
			containerPortal = A8D9A89A241A3799000815AD /* Project object */;
			proxyType = 1;
			remoteGlobalIDString = A8D9A8A2241A3799000815AD;
			remoteInfo = ALTextField;
		};
/* End PBXContainerItemProxy section */

/* Begin PBXFileReference section */
		1C2E12C2B4D56C8784D65825 /* Pods-ALTextField-ALTextFieldTests.release.xcconfig */ = {isa = PBXFileReference; includeInIndex = 1; lastKnownFileType = text.xcconfig; name = "Pods-ALTextField-ALTextFieldTests.release.xcconfig"; path = "Target Support Files/Pods-ALTextField-ALTextFieldTests/Pods-ALTextField-ALTextFieldTests.release.xcconfig"; sourceTree = "<group>"; };
		46B08ABC46AFD58B6AD0EB0F /* Pods-ALTextField-ALTextFieldTests.debug.xcconfig */ = {isa = PBXFileReference; includeInIndex = 1; lastKnownFileType = text.xcconfig; name = "Pods-ALTextField-ALTextFieldTests.debug.xcconfig"; path = "Target Support Files/Pods-ALTextField-ALTextFieldTests/Pods-ALTextField-ALTextFieldTests.debug.xcconfig"; sourceTree = "<group>"; };
		7CADA439F4DE1F57456E5FB3 /* Pods-ALTextField.debug.xcconfig */ = {isa = PBXFileReference; includeInIndex = 1; lastKnownFileType = text.xcconfig; name = "Pods-ALTextField.debug.xcconfig"; path = "Target Support Files/Pods-ALTextField/Pods-ALTextField.debug.xcconfig"; sourceTree = "<group>"; };
		A8D9A8A3241A3799000815AD /* ALTextField.framework */ = {isa = PBXFileReference; explicitFileType = wrapper.framework; includeInIndex = 0; path = ALTextField.framework; sourceTree = BUILT_PRODUCTS_DIR; };
		A8D9A8A6241A3799000815AD /* ALTextField.h */ = {isa = PBXFileReference; lastKnownFileType = sourcecode.c.h; path = ALTextField.h; sourceTree = "<group>"; };
		A8D9A8A7241A3799000815AD /* Info.plist */ = {isa = PBXFileReference; lastKnownFileType = text.plist.xml; path = Info.plist; sourceTree = "<group>"; };
		A8D9A8AC241A3799000815AD /* ALTextFieldTests.xctest */ = {isa = PBXFileReference; explicitFileType = wrapper.cfbundle; includeInIndex = 0; path = ALTextFieldTests.xctest; sourceTree = BUILT_PRODUCTS_DIR; };
		A8D9A8B1241A3799000815AD /* ALTextFieldTests.swift */ = {isa = PBXFileReference; lastKnownFileType = sourcecode.swift; path = ALTextFieldTests.swift; sourceTree = "<group>"; };
		A8D9A8B3241A3799000815AD /* Info.plist */ = {isa = PBXFileReference; lastKnownFileType = text.plist.xml; path = Info.plist; sourceTree = "<group>"; };
		A8D9A8BD241A3802000815AD /* ALTextField.swift */ = {isa = PBXFileReference; lastKnownFileType = sourcecode.swift; path = ALTextField.swift; sourceTree = "<group>"; };
		A8D9A8BF241A5E81000815AD /* AlValidationRuleType.swift */ = {isa = PBXFileReference; lastKnownFileType = sourcecode.swift; path = AlValidationRuleType.swift; sourceTree = "<group>"; };
		B06BA8114E13220CAE7E4AEC /* Pods_ALTextField.framework */ = {isa = PBXFileReference; explicitFileType = wrapper.framework; includeInIndex = 0; path = Pods_ALTextField.framework; sourceTree = BUILT_PRODUCTS_DIR; };
		BC69EC8B2EC1FD1969380E2F /* Pods_ALTextField_ALTextFieldTests.framework */ = {isa = PBXFileReference; explicitFileType = wrapper.framework; includeInIndex = 0; path = Pods_ALTextField_ALTextFieldTests.framework; sourceTree = BUILT_PRODUCTS_DIR; };
		FB7DB22553F62E908120FBDF /* Pods-ALTextField.release.xcconfig */ = {isa = PBXFileReference; includeInIndex = 1; lastKnownFileType = text.xcconfig; name = "Pods-ALTextField.release.xcconfig"; path = "Target Support Files/Pods-ALTextField/Pods-ALTextField.release.xcconfig"; sourceTree = "<group>"; };
/* End PBXFileReference section */

/* Begin PBXFrameworksBuildPhase section */
		A8D9A8A0241A3799000815AD /* Frameworks */ = {
			isa = PBXFrameworksBuildPhase;
			buildActionMask = 2147483647;
			files = (
				69E619E60FAA4F53CD713A12 /* Pods_ALTextField.framework in Frameworks */,
			);
			runOnlyForDeploymentPostprocessing = 0;
		};
		A8D9A8A9241A3799000815AD /* Frameworks */ = {
			isa = PBXFrameworksBuildPhase;
			buildActionMask = 2147483647;
			files = (
				A8D9A8AD241A3799000815AD /* ALTextField.framework in Frameworks */,
				3A57D5D700C3EF1E079F89E7 /* Pods_ALTextField_ALTextFieldTests.framework in Frameworks */,
			);
			runOnlyForDeploymentPostprocessing = 0;
		};
/* End PBXFrameworksBuildPhase section */

/* Begin PBXGroup section */
		6F5CCEF1CDC5CEEE171C3C8B /* Frameworks */ = {
			isa = PBXGroup;
			children = (
				B06BA8114E13220CAE7E4AEC /* Pods_ALTextField.framework */,
				BC69EC8B2EC1FD1969380E2F /* Pods_ALTextField_ALTextFieldTests.framework */,
			);
			name = Frameworks;
			sourceTree = "<group>";
		};
		A8D9A899241A3799000815AD = {
			isa = PBXGroup;
			children = (
				A8D9A8A5241A3799000815AD /* ALTextField */,
				A8D9A8B0241A3799000815AD /* ALTextFieldTests */,
				A8D9A8A4241A3799000815AD /* Products */,
				B5CFDDBA4B97652DE0682CC8 /* Pods */,
				6F5CCEF1CDC5CEEE171C3C8B /* Frameworks */,
			);
			sourceTree = "<group>";
		};
		A8D9A8A4241A3799000815AD /* Products */ = {
			isa = PBXGroup;
			children = (
				A8D9A8A3241A3799000815AD /* ALTextField.framework */,
				A8D9A8AC241A3799000815AD /* ALTextFieldTests.xctest */,
			);
			name = Products;
			sourceTree = "<group>";
		};
		A8D9A8A5241A3799000815AD /* ALTextField */ = {
			isa = PBXGroup;
			children = (
				A8D9A8BD241A3802000815AD /* ALTextField.swift */,
				A8D9A8A6241A3799000815AD /* ALTextField.h */,
				A8D9A8A7241A3799000815AD /* Info.plist */,
				A8D9A8BF241A5E81000815AD /* AlValidationRuleType.swift */,
			);
			path = ALTextField;
			sourceTree = "<group>";
		};
		A8D9A8B0241A3799000815AD /* ALTextFieldTests */ = {
			isa = PBXGroup;
			children = (
				A8D9A8B1241A3799000815AD /* ALTextFieldTests.swift */,
				A8D9A8B3241A3799000815AD /* Info.plist */,
			);
			path = ALTextFieldTests;
			sourceTree = "<group>";
		};
		B5CFDDBA4B97652DE0682CC8 /* Pods */ = {
			isa = PBXGroup;
			children = (
				7CADA439F4DE1F57456E5FB3 /* Pods-ALTextField.debug.xcconfig */,
				FB7DB22553F62E908120FBDF /* Pods-ALTextField.release.xcconfig */,
				46B08ABC46AFD58B6AD0EB0F /* Pods-ALTextField-ALTextFieldTests.debug.xcconfig */,
				1C2E12C2B4D56C8784D65825 /* Pods-ALTextField-ALTextFieldTests.release.xcconfig */,
			);
			path = Pods;
			sourceTree = "<group>";
		};
/* End PBXGroup section */

/* Begin PBXHeadersBuildPhase section */
		A8D9A89E241A3799000815AD /* Headers */ = {
			isa = PBXHeadersBuildPhase;
			buildActionMask = 2147483647;
			files = (
				A8D9A8B4241A3799000815AD /* ALTextField.h in Headers */,
			);
			runOnlyForDeploymentPostprocessing = 0;
		};
/* End PBXHeadersBuildPhase section */

/* Begin PBXNativeTarget section */
		A8D9A8A2241A3799000815AD /* ALTextField */ = {
			isa = PBXNativeTarget;
			buildConfigurationList = A8D9A8B7241A3799000815AD /* Build configuration list for PBXNativeTarget "ALTextField" */;
			buildPhases = (
				5CCE54DC70FB22875C87FA0F /* [CP] Check Pods Manifest.lock */,
				A8D9A89E241A3799000815AD /* Headers */,
				A8D9A89F241A3799000815AD /* Sources */,
				A8D9A8A0241A3799000815AD /* Frameworks */,
				A8D9A8A1241A3799000815AD /* Resources */,
			);
			buildRules = (
			);
			dependencies = (
			);
			name = ALTextField;
			productName = ALTextField;
			productReference = A8D9A8A3241A3799000815AD /* ALTextField.framework */;
			productType = "com.apple.product-type.framework";
		};
		A8D9A8AB241A3799000815AD /* ALTextFieldTests */ = {
			isa = PBXNativeTarget;
			buildConfigurationList = A8D9A8BA241A3799000815AD /* Build configuration list for PBXNativeTarget "ALTextFieldTests" */;
			buildPhases = (
				5C3DCA34C8842E26A20AEC32 /* [CP] Check Pods Manifest.lock */,
				A8D9A8A8241A3799000815AD /* Sources */,
				A8D9A8A9241A3799000815AD /* Frameworks */,
				A8D9A8AA241A3799000815AD /* Resources */,
				D0E39DD8FE2BF2BCED6EBE0F /* [CP] Embed Pods Frameworks */,
			);
			buildRules = (
			);
			dependencies = (
				A8D9A8AF241A3799000815AD /* PBXTargetDependency */,
			);
			name = ALTextFieldTests;
			productName = ALTextFieldTests;
			productReference = A8D9A8AC241A3799000815AD /* ALTextFieldTests.xctest */;
			productType = "com.apple.product-type.bundle.unit-test";
		};
/* End PBXNativeTarget section */

/* Begin PBXProject section */
		A8D9A89A241A3799000815AD /* Project object */ = {
			isa = PBXProject;
			attributes = {
				LastSwiftUpdateCheck = 1130;
				LastUpgradeCheck = 1130;
				ORGANIZATIONNAME = "Alexandr Lobanov";
				TargetAttributes = {
					A8D9A8A2241A3799000815AD = {
						CreatedOnToolsVersion = 11.3.1;
						LastSwiftMigration = 1130;
					};
					A8D9A8AB241A3799000815AD = {
						CreatedOnToolsVersion = 11.3.1;
					};
				};
			};
			buildConfigurationList = A8D9A89D241A3799000815AD /* Build configuration list for PBXProject "ALTextField" */;
			compatibilityVersion = "Xcode 9.3";
			developmentRegion = en;
			hasScannedForEncodings = 0;
			knownRegions = (
				en,
				Base,
			);
			mainGroup = A8D9A899241A3799000815AD;
			productRefGroup = A8D9A8A4241A3799000815AD /* Products */;
			projectDirPath = "";
			projectRoot = "";
			targets = (
				A8D9A8A2241A3799000815AD /* ALTextField */,
				A8D9A8AB241A3799000815AD /* ALTextFieldTests */,
			);
		};
/* End PBXProject section */

/* Begin PBXResourcesBuildPhase section */
		A8D9A8A1241A3799000815AD /* Resources */ = {
			isa = PBXResourcesBuildPhase;
			buildActionMask = 2147483647;
			files = (
			);
			runOnlyForDeploymentPostprocessing = 0;
		};
		A8D9A8AA241A3799000815AD /* Resources */ = {
			isa = PBXResourcesBuildPhase;
			buildActionMask = 2147483647;
			files = (
			);
			runOnlyForDeploymentPostprocessing = 0;
		};
/* End PBXResourcesBuildPhase section */

/* Begin PBXShellScriptBuildPhase section */
		5C3DCA34C8842E26A20AEC32 /* [CP] Check Pods Manifest.lock */ = {
			isa = PBXShellScriptBuildPhase;
			buildActionMask = 2147483647;
			files = (
			);
			inputFileListPaths = (
			);
			inputPaths = (
				"${PODS_PODFILE_DIR_PATH}/Podfile.lock",
				"${PODS_ROOT}/Manifest.lock",
			);
			name = "[CP] Check Pods Manifest.lock";
			outputFileListPaths = (
			);
			outputPaths = (
				"$(DERIVED_FILE_DIR)/Pods-ALTextField-ALTextFieldTests-checkManifestLockResult.txt",
			);
			runOnlyForDeploymentPostprocessing = 0;
			shellPath = /bin/sh;
			shellScript = "diff \"${PODS_PODFILE_DIR_PATH}/Podfile.lock\" \"${PODS_ROOT}/Manifest.lock\" > /dev/null\nif [ $? != 0 ] ; then\n    # print error to STDERR\n    echo \"error: The sandbox is not in sync with the Podfile.lock. Run 'pod install' or update your CocoaPods installation.\" >&2\n    exit 1\nfi\n# This output is used by Xcode 'outputs' to avoid re-running this script phase.\necho \"SUCCESS\" > \"${SCRIPT_OUTPUT_FILE_0}\"\n";
			showEnvVarsInLog = 0;
		};
		5CCE54DC70FB22875C87FA0F /* [CP] Check Pods Manifest.lock */ = {
			isa = PBXShellScriptBuildPhase;
			buildActionMask = 2147483647;
			files = (
			);
			inputFileListPaths = (
			);
			inputPaths = (
				"${PODS_PODFILE_DIR_PATH}/Podfile.lock",
				"${PODS_ROOT}/Manifest.lock",
			);
			name = "[CP] Check Pods Manifest.lock";
			outputFileListPaths = (
			);
			outputPaths = (
				"$(DERIVED_FILE_DIR)/Pods-ALTextField-checkManifestLockResult.txt",
			);
			runOnlyForDeploymentPostprocessing = 0;
			shellPath = /bin/sh;
			shellScript = "diff \"${PODS_PODFILE_DIR_PATH}/Podfile.lock\" \"${PODS_ROOT}/Manifest.lock\" > /dev/null\nif [ $? != 0 ] ; then\n    # print error to STDERR\n    echo \"error: The sandbox is not in sync with the Podfile.lock. Run 'pod install' or update your CocoaPods installation.\" >&2\n    exit 1\nfi\n# This output is used by Xcode 'outputs' to avoid re-running this script phase.\necho \"SUCCESS\" > \"${SCRIPT_OUTPUT_FILE_0}\"\n";
			showEnvVarsInLog = 0;
		};
		D0E39DD8FE2BF2BCED6EBE0F /* [CP] Embed Pods Frameworks */ = {
			isa = PBXShellScriptBuildPhase;
			buildActionMask = 2147483647;
			files = (
			);
			inputFileListPaths = (
				"${PODS_ROOT}/Target Support Files/Pods-ALTextField-ALTextFieldTests/Pods-ALTextField-ALTextFieldTests-frameworks-${CONFIGURATION}-input-files.xcfilelist",
			);
			name = "[CP] Embed Pods Frameworks";
			outputFileListPaths = (
				"${PODS_ROOT}/Target Support Files/Pods-ALTextField-ALTextFieldTests/Pods-ALTextField-ALTextFieldTests-frameworks-${CONFIGURATION}-output-files.xcfilelist",
			);
			runOnlyForDeploymentPostprocessing = 0;
			shellPath = /bin/sh;
			shellScript = "\"${PODS_ROOT}/Target Support Files/Pods-ALTextField-ALTextFieldTests/Pods-ALTextField-ALTextFieldTests-frameworks.sh\"\n";
			showEnvVarsInLog = 0;
		};
/* End PBXShellScriptBuildPhase section */

/* Begin PBXSourcesBuildPhase section */
		A8D9A89F241A3799000815AD /* Sources */ = {
			isa = PBXSourcesBuildPhase;
			buildActionMask = 2147483647;
			files = (
				A8D9A8BE241A3802000815AD /* ALTextField.swift in Sources */,
				A8D9A8C0241A5E81000815AD /* AlValidationRuleType.swift in Sources */,
			);
			runOnlyForDeploymentPostprocessing = 0;
		};
		A8D9A8A8241A3799000815AD /* Sources */ = {
			isa = PBXSourcesBuildPhase;
			buildActionMask = 2147483647;
			files = (
				A8D9A8B2241A3799000815AD /* ALTextFieldTests.swift in Sources */,
			);
			runOnlyForDeploymentPostprocessing = 0;
		};
/* End PBXSourcesBuildPhase section */

/* Begin PBXTargetDependency section */
		A8D9A8AF241A3799000815AD /* PBXTargetDependency */ = {
			isa = PBXTargetDependency;
			target = A8D9A8A2241A3799000815AD /* ALTextField */;
			targetProxy = A8D9A8AE241A3799000815AD /* PBXContainerItemProxy */;
		};
/* End PBXTargetDependency section */

/* Begin XCBuildConfiguration section */
		A8D9A8B5241A3799000815AD /* Debug */ = {
			isa = XCBuildConfiguration;
			buildSettings = {
				ALWAYS_SEARCH_USER_PATHS = NO;
				CLANG_ANALYZER_NONNULL = YES;
				CLANG_ANALYZER_NUMBER_OBJECT_CONVERSION = YES_AGGRESSIVE;
				CLANG_CXX_LANGUAGE_STANDARD = "gnu++14";
				CLANG_CXX_LIBRARY = "libc++";
				CLANG_ENABLE_MODULES = YES;
				CLANG_ENABLE_OBJC_ARC = YES;
				CLANG_ENABLE_OBJC_WEAK = YES;
				CLANG_WARN_BLOCK_CAPTURE_AUTORELEASING = YES;
				CLANG_WARN_BOOL_CONVERSION = YES;
				CLANG_WARN_COMMA = YES;
				CLANG_WARN_CONSTANT_CONVERSION = YES;
				CLANG_WARN_DEPRECATED_OBJC_IMPLEMENTATIONS = YES;
				CLANG_WARN_DIRECT_OBJC_ISA_USAGE = YES_ERROR;
				CLANG_WARN_DOCUMENTATION_COMMENTS = YES;
				CLANG_WARN_EMPTY_BODY = YES;
				CLANG_WARN_ENUM_CONVERSION = YES;
				CLANG_WARN_INFINITE_RECURSION = YES;
				CLANG_WARN_INT_CONVERSION = YES;
				CLANG_WARN_NON_LITERAL_NULL_CONVERSION = YES;
				CLANG_WARN_OBJC_IMPLICIT_RETAIN_SELF = YES;
				CLANG_WARN_OBJC_LITERAL_CONVERSION = YES;
				CLANG_WARN_OBJC_ROOT_CLASS = YES_ERROR;
				CLANG_WARN_RANGE_LOOP_ANALYSIS = YES;
				CLANG_WARN_STRICT_PROTOTYPES = YES;
				CLANG_WARN_SUSPICIOUS_MOVE = YES;
				CLANG_WARN_UNGUARDED_AVAILABILITY = YES_AGGRESSIVE;
				CLANG_WARN_UNREACHABLE_CODE = YES;
				CLANG_WARN__DUPLICATE_METHOD_MATCH = YES;
				COPY_PHASE_STRIP = NO;
				CURRENT_PROJECT_VERSION = 1;
				DEBUG_INFORMATION_FORMAT = dwarf;
				ENABLE_STRICT_OBJC_MSGSEND = YES;
				ENABLE_TESTABILITY = YES;
				GCC_C_LANGUAGE_STANDARD = gnu11;
				GCC_DYNAMIC_NO_PIC = NO;
				GCC_NO_COMMON_BLOCKS = YES;
				GCC_OPTIMIZATION_LEVEL = 0;
				GCC_PREPROCESSOR_DEFINITIONS = (
					"DEBUG=1",
					"$(inherited)",
				);
				GCC_WARN_64_TO_32_BIT_CONVERSION = YES;
				GCC_WARN_ABOUT_RETURN_TYPE = YES_ERROR;
				GCC_WARN_UNDECLARED_SELECTOR = YES;
				GCC_WARN_UNINITIALIZED_AUTOS = YES_AGGRESSIVE;
				GCC_WARN_UNUSED_FUNCTION = YES;
				GCC_WARN_UNUSED_VARIABLE = YES;
				IPHONEOS_DEPLOYMENT_TARGET = 13.2;
				MTL_ENABLE_DEBUG_INFO = INCLUDE_SOURCE;
				MTL_FAST_MATH = YES;
				ONLY_ACTIVE_ARCH = YES;
				SDKROOT = iphoneos;
				SWIFT_ACTIVE_COMPILATION_CONDITIONS = DEBUG;
				SWIFT_OPTIMIZATION_LEVEL = "-Onone";
				VERSIONING_SYSTEM = "apple-generic";
				VERSION_INFO_PREFIX = "";
			};
			name = Debug;
		};
		A8D9A8B6241A3799000815AD /* Release */ = {
			isa = XCBuildConfiguration;
			buildSettings = {
				ALWAYS_SEARCH_USER_PATHS = NO;
				CLANG_ANALYZER_NONNULL = YES;
				CLANG_ANALYZER_NUMBER_OBJECT_CONVERSION = YES_AGGRESSIVE;
				CLANG_CXX_LANGUAGE_STANDARD = "gnu++14";
				CLANG_CXX_LIBRARY = "libc++";
				CLANG_ENABLE_MODULES = YES;
				CLANG_ENABLE_OBJC_ARC = YES;
				CLANG_ENABLE_OBJC_WEAK = YES;
				CLANG_WARN_BLOCK_CAPTURE_AUTORELEASING = YES;
				CLANG_WARN_BOOL_CONVERSION = YES;
				CLANG_WARN_COMMA = YES;
				CLANG_WARN_CONSTANT_CONVERSION = YES;
				CLANG_WARN_DEPRECATED_OBJC_IMPLEMENTATIONS = YES;
				CLANG_WARN_DIRECT_OBJC_ISA_USAGE = YES_ERROR;
				CLANG_WARN_DOCUMENTATION_COMMENTS = YES;
				CLANG_WARN_EMPTY_BODY = YES;
				CLANG_WARN_ENUM_CONVERSION = YES;
				CLANG_WARN_INFINITE_RECURSION = YES;
				CLANG_WARN_INT_CONVERSION = YES;
				CLANG_WARN_NON_LITERAL_NULL_CONVERSION = YES;
				CLANG_WARN_OBJC_IMPLICIT_RETAIN_SELF = YES;
				CLANG_WARN_OBJC_LITERAL_CONVERSION = YES;
				CLANG_WARN_OBJC_ROOT_CLASS = YES_ERROR;
				CLANG_WARN_RANGE_LOOP_ANALYSIS = YES;
				CLANG_WARN_STRICT_PROTOTYPES = YES;
				CLANG_WARN_SUSPICIOUS_MOVE = YES;
				CLANG_WARN_UNGUARDED_AVAILABILITY = YES_AGGRESSIVE;
				CLANG_WARN_UNREACHABLE_CODE = YES;
				CLANG_WARN__DUPLICATE_METHOD_MATCH = YES;
				COPY_PHASE_STRIP = NO;
				CURRENT_PROJECT_VERSION = 1;
				DEBUG_INFORMATION_FORMAT = "dwarf-with-dsym";
				ENABLE_NS_ASSERTIONS = NO;
				ENABLE_STRICT_OBJC_MSGSEND = YES;
				GCC_C_LANGUAGE_STANDARD = gnu11;
				GCC_NO_COMMON_BLOCKS = YES;
				GCC_WARN_64_TO_32_BIT_CONVERSION = YES;
				GCC_WARN_ABOUT_RETURN_TYPE = YES_ERROR;
				GCC_WARN_UNDECLARED_SELECTOR = YES;
				GCC_WARN_UNINITIALIZED_AUTOS = YES_AGGRESSIVE;
				GCC_WARN_UNUSED_FUNCTION = YES;
				GCC_WARN_UNUSED_VARIABLE = YES;
				IPHONEOS_DEPLOYMENT_TARGET = 13.2;
				MTL_ENABLE_DEBUG_INFO = NO;
				MTL_FAST_MATH = YES;
				SDKROOT = iphoneos;
				SWIFT_COMPILATION_MODE = wholemodule;
				SWIFT_OPTIMIZATION_LEVEL = "-O";
				VALIDATE_PRODUCT = YES;
				VERSIONING_SYSTEM = "apple-generic";
				VERSION_INFO_PREFIX = "";
			};
			name = Release;
		};
		A8D9A8B8241A3799000815AD /* Debug */ = {
			isa = XCBuildConfiguration;
			baseConfigurationReference = 7CADA439F4DE1F57456E5FB3 /* Pods-ALTextField.debug.xcconfig */;
			buildSettings = {
				CLANG_ENABLE_MODULES = YES;
				CODE_SIGN_STYLE = Automatic;
				DEFINES_MODULE = YES;
				DEVELOPMENT_TEAM = PG7L77DKWJ;
				DYLIB_COMPATIBILITY_VERSION = 1;
				DYLIB_CURRENT_VERSION = 1;
				DYLIB_INSTALL_NAME_BASE = "@rpath";
				INFOPLIST_FILE = ALTextField/Info.plist;
				INSTALL_PATH = "$(LOCAL_LIBRARY_DIR)/Frameworks";
				IPHONEOS_DEPLOYMENT_TARGET = 13.0;
				LD_RUNPATH_SEARCH_PATHS = (
					"$(inherited)",
					"@executable_path/Frameworks",
					"@loader_path/Frameworks",
				);
				PRODUCT_BUNDLE_IDENTIFIER = validatable.textield.ALTextField;
				PRODUCT_NAME = "$(TARGET_NAME:c99extidentifier)";
				SKIP_INSTALL = YES;
				SUPPORTS_MACCATALYST = NO;
				SWIFT_OPTIMIZATION_LEVEL = "-Onone";
				SWIFT_VERSION = 5.0;
				TARGETED_DEVICE_FAMILY = "1,2";
			};
			name = Debug;
		};
		A8D9A8B9241A3799000815AD /* Release */ = {
			isa = XCBuildConfiguration;
			baseConfigurationReference = FB7DB22553F62E908120FBDF /* Pods-ALTextField.release.xcconfig */;
			buildSettings = {
				CLANG_ENABLE_MODULES = YES;
				CODE_SIGN_STYLE = Automatic;
				DEFINES_MODULE = YES;
				DEVELOPMENT_TEAM = PG7L77DKWJ;
				DYLIB_COMPATIBILITY_VERSION = 1;
				DYLIB_CURRENT_VERSION = 1;
				DYLIB_INSTALL_NAME_BASE = "@rpath";
				INFOPLIST_FILE = ALTextField/Info.plist;
				INSTALL_PATH = "$(LOCAL_LIBRARY_DIR)/Frameworks";
				IPHONEOS_DEPLOYMENT_TARGET = 13.0;
				LD_RUNPATH_SEARCH_PATHS = (
					"$(inherited)",
					"@executable_path/Frameworks",
					"@loader_path/Frameworks",
				);
				PRODUCT_BUNDLE_IDENTIFIER = validatable.textield.ALTextField;
				PRODUCT_NAME = "$(TARGET_NAME:c99extidentifier)";
				SKIP_INSTALL = YES;
				SUPPORTS_MACCATALYST = NO;
				SWIFT_VERSION = 5.0;
				TARGETED_DEVICE_FAMILY = "1,2";
			};
			name = Release;
		};
		A8D9A8BB241A3799000815AD /* Debug */ = {
			isa = XCBuildConfiguration;
			baseConfigurationReference = 46B08ABC46AFD58B6AD0EB0F /* Pods-ALTextField-ALTextFieldTests.debug.xcconfig */;
			buildSettings = {
				ALWAYS_EMBED_SWIFT_STANDARD_LIBRARIES = YES;
				CODE_SIGN_STYLE = Automatic;
				DEVELOPMENT_TEAM = PG7L77DKWJ;
				INFOPLIST_FILE = ALTextFieldTests/Info.plist;
				LD_RUNPATH_SEARCH_PATHS = (
					"$(inherited)",
					"@executable_path/Frameworks",
					"@loader_path/Frameworks",
				);
				PRODUCT_BUNDLE_IDENTIFIER = validatable.textield.ALTextFieldTests;
				PRODUCT_NAME = "$(TARGET_NAME)";
				SWIFT_VERSION = 5.0;
				TARGETED_DEVICE_FAMILY = "1,2";
			};
			name = Debug;
		};
		A8D9A8BC241A3799000815AD /* Release */ = {
			isa = XCBuildConfiguration;
			baseConfigurationReference = 1C2E12C2B4D56C8784D65825 /* Pods-ALTextField-ALTextFieldTests.release.xcconfig */;
			buildSettings = {
				ALWAYS_EMBED_SWIFT_STANDARD_LIBRARIES = YES;
				CODE_SIGN_STYLE = Automatic;
				DEVELOPMENT_TEAM = PG7L77DKWJ;
				INFOPLIST_FILE = ALTextFieldTests/Info.plist;
				LD_RUNPATH_SEARCH_PATHS = (
					"$(inherited)",
					"@executable_path/Frameworks",
					"@loader_path/Frameworks",
				);
				PRODUCT_BUNDLE_IDENTIFIER = validatable.textield.ALTextFieldTests;
				PRODUCT_NAME = "$(TARGET_NAME)";
				SWIFT_VERSION = 5.0;
				TARGETED_DEVICE_FAMILY = "1,2";
			};
			name = Release;
		};
/* End XCBuildConfiguration section */

/* Begin XCConfigurationList section */
		A8D9A89D241A3799000815AD /* Build configuration list for PBXProject "ALTextField" */ = {
			isa = XCConfigurationList;
			buildConfigurations = (
				A8D9A8B5241A3799000815AD /* Debug */,
				A8D9A8B6241A3799000815AD /* Release */,
			);
			defaultConfigurationIsVisible = 0;
			defaultConfigurationName = Release;
		};
		A8D9A8B7241A3799000815AD /* Build configuration list for PBXNativeTarget "ALTextField" */ = {
			isa = XCConfigurationList;
			buildConfigurations = (
				A8D9A8B8241A3799000815AD /* Debug */,
				A8D9A8B9241A3799000815AD /* Release */,
			);
			defaultConfigurationIsVisible = 0;
			defaultConfigurationName = Release;
		};
		A8D9A8BA241A3799000815AD /* Build configuration list for PBXNativeTarget "ALTextFieldTests" */ = {
			isa = XCConfigurationList;
			buildConfigurations = (
				A8D9A8BB241A3799000815AD /* Debug */,
				A8D9A8BC241A3799000815AD /* Release */,
			);
			defaultConfigurationIsVisible = 0;
			defaultConfigurationName = Release;
		};
/* End XCConfigurationList section */
	};
	rootObject = A8D9A89A241A3799000815AD /* Project object */;
}
